
Microsoft Visual Studio Solution File, Format Version 12.00
# Visual Studio Version 17
VisualStudioVersion = 17.1.32407.343
MinimumVisualStudioVersion = 10.0.40219.1
Project("{FAE04EC0-301F-11D3-BF4B-00C04F79EFBC}") = "BlazorWASM1.Server", "BlazorWASM1\Server\BlazorWASM1.Server.csproj", "{ED33094D-63D3-4391-950A-3E9DEBF4185B}"
EndProject
Project("{FAE04EC0-301F-11D3-BF4B-00C04F79EFBC}") = "BlazorWASM1.Client", "BlazorWASM1\Client\BlazorWASM1.Client.csproj", "{F4E026B5-0285-4E0A-937A-2AFAD323C488}"
EndProject
Project("{FAE04EC0-301F-11D3-BF4B-00C04F79EFBC}") = "BlazorWASM1.Shared", "BlazorWASM1\Shared\BlazorWASM1.Shared.csproj", "{66B0C0AC-C063-4DC6-88DB-64EEC66F1151}"
EndProject
Global
	GlobalSection(SolutionConfigurationPlatforms) = preSolution
		Debug|Any CPU = Debug|Any CPU
		Release|Any CPU = Release|Any CPU
	EndGlobalSection
	GlobalSection(ProjectConfigurationPlatforms) = postSolution
		{ED33094D-63D3-4391-950A-3E9DEBF4185B}.Debug|Any CPU.ActiveCfg = Debug|Any CPU
		{ED33094D-63D3-4391-950A-3E9DEBF4185B}.Debug|Any CPU.Build.0 = Debug|Any CPU
		{ED33094D-63D3-4391-950A-3E9DEBF4185B}.Release|Any CPU.ActiveCfg = Release|Any CPU
		{ED33094D-63D3-4391-950A-3E9DEBF4185B}.Release|Any CPU.Build.0 = Release|Any CPU
		{F4E026B5-0285-4E0A-937A-2AFAD323C488}.Debug|Any CPU.ActiveCfg = Debug|Any CPU
		{F4E026B5-0285-4E0A-937A-2AFAD323C488}.Debug|Any CPU.Build.0 = Debug|Any CPU
		{F4E026B5-0285-4E0A-937A-2AFAD323C488}.Release|Any CPU.ActiveCfg = Release|Any CPU
		{F4E026B5-0285-4E0A-937A-2AFAD323C488}.Release|Any CPU.Build.0 = Release|Any CPU
		{66B0C0AC-C063-4DC6-88DB-64EEC66F1151}.Debug|Any CPU.ActiveCfg = Debug|Any CPU
		{66B0C0AC-C063-4DC6-88DB-64EEC66F1151}.Debug|Any CPU.Build.0 = Debug|Any CPU
		{66B0C0AC-C063-4DC6-88DB-64EEC66F1151}.Release|Any CPU.ActiveCfg = Release|Any CPU
		{66B0C0AC-C063-4DC6-88DB-64EEC66F1151}.Release|Any CPU.Build.0 = Release|Any CPU
	EndGlobalSection
	GlobalSection(SolutionProperties) = preSolution
		HideSolutionNode = FALSE
	EndGlobalSection
	GlobalSection(ExtensibilityGlobals) = postSolution
		SolutionGuid = {ABC6E8ED-B688-494A-818E-6015A3EFFEF7}
	EndGlobalSection
EndGlobal
